// !$*UTF8*$!
{
	archiveVersion = 1;
	classes = {
	};
	objectVersion = 50;
	objects = {

/* Begin PBXBuildFile section */
		22676784EBF92FFDD1B31209 /* Pods_DailySamplerTests.framework in Frameworks */ = {isa = PBXBuildFile; fileRef = 694CE973354C8DC81F5F7D41 /* Pods_DailySamplerTests.framework */; };
		3A023495E572080AE6A60F3F /* Pods_DailySampler.framework in Frameworks */ = {isa = PBXBuildFile; fileRef = C2A409EF1066930BEAF00D35 /* Pods_DailySampler.framework */; };
		730847BA21D57F490046814E /* DiaryViewController.swift in Sources */ = {isa = PBXBuildFile; fileRef = 730847B921D57F490046814E /* DiaryViewController.swift */; };
		733E695E21D4362700F799B2 /* AppDelegate.swift in Sources */ = {isa = PBXBuildFile; fileRef = 733E695D21D4362700F799B2 /* AppDelegate.swift */; };
		733E696021D4362700F799B2 /* ViewController.swift in Sources */ = {isa = PBXBuildFile; fileRef = 733E695F21D4362700F799B2 /* ViewController.swift */; };
		733E696321D4362700F799B2 /* Main.storyboard in Resources */ = {isa = PBXBuildFile; fileRef = 733E696121D4362700F799B2 /* Main.storyboard */; };
		733E696521D4362800F799B2 /* Assets.xcassets in Resources */ = {isa = PBXBuildFile; fileRef = 733E696421D4362800F799B2 /* Assets.xcassets */; };
		733E696821D4362800F799B2 /* LaunchScreen.storyboard in Resources */ = {isa = PBXBuildFile; fileRef = 733E696621D4362800F799B2 /* LaunchScreen.storyboard */; };
		733E697321D4362800F799B2 /* DailySamplerTests.swift in Sources */ = {isa = PBXBuildFile; fileRef = 733E697221D4362800F799B2 /* DailySamplerTests.swift */; };
		733E697E21D4362800F799B2 /* DailySamplerUITests.swift in Sources */ = {isa = PBXBuildFile; fileRef = 733E697D21D4362800F799B2 /* DailySamplerUITests.swift */; };
		737DF23321D4975A00398260 /* Diary.swift in Sources */ = {isa = PBXBuildFile; fileRef = 737DF23221D4975A00398260 /* Diary.swift */; };
		EEA9A42AC0A2CC03671D66BC /* Pods_DailySamplerUITests.framework in Frameworks */ = {isa = PBXBuildFile; fileRef = 7B0420B82FB0495F56DFF72D /* Pods_DailySamplerUITests.framework */; };
/* End PBXBuildFile section */

/* Begin PBXContainerItemProxy section */
		733E696F21D4362800F799B2 /* PBXContainerItemProxy */ = {
			isa = PBXContainerItemProxy;
			containerPortal = 733E695221D4362700F799B2 /* Project object */;
			proxyType = 1;
			remoteGlobalIDString = 733E695921D4362700F799B2;
			remoteInfo = DailySampler;
		};
		733E697A21D4362800F799B2 /* PBXContainerItemProxy */ = {
			isa = PBXContainerItemProxy;
			containerPortal = 733E695221D4362700F799B2 /* Project object */;
			proxyType = 1;
			remoteGlobalIDString = 733E695921D4362700F799B2;
			remoteInfo = DailySampler;
		};
/* End PBXContainerItemProxy section */

/* Begin PBXFileReference section */
		4C49F191106657A241A73FCA /* Pods-DailySamplerTests.release.xcconfig */ = {isa = PBXFileReference; includeInIndex = 1; lastKnownFileType = text.xcconfig; name = "Pods-DailySamplerTests.release.xcconfig"; path = "Pods/Target Support Files/Pods-DailySamplerTests/Pods-DailySamplerTests.release.xcconfig"; sourceTree = "<group>"; };
		694CE973354C8DC81F5F7D41 /* Pods_DailySamplerTests.framework */ = {isa = PBXFileReference; explicitFileType = wrapper.framework; includeInIndex = 0; path = Pods_DailySamplerTests.framework; sourceTree = BUILT_PRODUCTS_DIR; };
		730847B921D57F490046814E /* DiaryViewController.swift */ = {isa = PBXFileReference; lastKnownFileType = sourcecode.swift; path = DiaryViewController.swift; sourceTree = "<group>"; };
		733E695A21D4362700F799B2 /* DailySampler.app */ = {isa = PBXFileReference; explicitFileType = wrapper.application; includeInIndex = 0; path = DailySampler.app; sourceTree = BUILT_PRODUCTS_DIR; };
		733E695D21D4362700F799B2 /* AppDelegate.swift */ = {isa = PBXFileReference; lastKnownFileType = sourcecode.swift; path = AppDelegate.swift; sourceTree = "<group>"; };
		733E695F21D4362700F799B2 /* ViewController.swift */ = {isa = PBXFileReference; lastKnownFileType = sourcecode.swift; path = ViewController.swift; sourceTree = "<group>"; };
		733E696221D4362700F799B2 /* Base */ = {isa = PBXFileReference; lastKnownFileType = file.storyboard; name = Base; path = Base.lproj/Main.storyboard; sourceTree = "<group>"; };
		733E696421D4362800F799B2 /* Assets.xcassets */ = {isa = PBXFileReference; lastKnownFileType = folder.assetcatalog; path = Assets.xcassets; sourceTree = "<group>"; };
		733E696721D4362800F799B2 /* Base */ = {isa = PBXFileReference; lastKnownFileType = file.storyboard; name = Base; path = Base.lproj/LaunchScreen.storyboard; sourceTree = "<group>"; };
		733E696921D4362800F799B2 /* Info.plist */ = {isa = PBXFileReference; lastKnownFileType = text.plist.xml; path = Info.plist; sourceTree = "<group>"; };
		733E696E21D4362800F799B2 /* DailySamplerTests.xctest */ = {isa = PBXFileReference; explicitFileType = wrapper.cfbundle; includeInIndex = 0; path = DailySamplerTests.xctest; sourceTree = BUILT_PRODUCTS_DIR; };
		733E697221D4362800F799B2 /* DailySamplerTests.swift */ = {isa = PBXFileReference; lastKnownFileType = sourcecode.swift; path = DailySamplerTests.swift; sourceTree = "<group>"; };
		733E697421D4362800F799B2 /* Info.plist */ = {isa = PBXFileReference; lastKnownFileType = text.plist.xml; path = Info.plist; sourceTree = "<group>"; };
		733E697921D4362800F799B2 /* DailySamplerUITests.xctest */ = {isa = PBXFileReference; explicitFileType = wrapper.cfbundle; includeInIndex = 0; path = DailySamplerUITests.xctest; sourceTree = BUILT_PRODUCTS_DIR; };
		733E697D21D4362800F799B2 /* DailySamplerUITests.swift */ = {isa = PBXFileReference; lastKnownFileType = sourcecode.swift; path = DailySamplerUITests.swift; sourceTree = "<group>"; };
		733E697F21D4362800F799B2 /* Info.plist */ = {isa = PBXFileReference; lastKnownFileType = text.plist.xml; path = Info.plist; sourceTree = "<group>"; };
		737DF23221D4975A00398260 /* Diary.swift */ = {isa = PBXFileReference; lastKnownFileType = sourcecode.swift; path = Diary.swift; sourceTree = "<group>"; };
		7B0420B82FB0495F56DFF72D /* Pods_DailySamplerUITests.framework */ = {isa = PBXFileReference; explicitFileType = wrapper.framework; includeInIndex = 0; path = Pods_DailySamplerUITests.framework; sourceTree = BUILT_PRODUCTS_DIR; };
		9E88C7F7A8D839A491799611 /* Pods-DailySampler.release.xcconfig */ = {isa = PBXFileReference; includeInIndex = 1; lastKnownFileType = text.xcconfig; name = "Pods-DailySampler.release.xcconfig"; path = "Pods/Target Support Files/Pods-DailySampler/Pods-DailySampler.release.xcconfig"; sourceTree = "<group>"; };
		C2A409EF1066930BEAF00D35 /* Pods_DailySampler.framework */ = {isa = PBXFileReference; explicitFileType = wrapper.framework; includeInIndex = 0; path = Pods_DailySampler.framework; sourceTree = BUILT_PRODUCTS_DIR; };
		C58335FAE48C63DB237024CE /* Pods-DailySamplerTests.debug.xcconfig */ = {isa = PBXFileReference; includeInIndex = 1; lastKnownFileType = text.xcconfig; name = "Pods-DailySamplerTests.debug.xcconfig"; path = "Pods/Target Support Files/Pods-DailySamplerTests/Pods-DailySamplerTests.debug.xcconfig"; sourceTree = "<group>"; };
		E13C8FF47D6686822BF0E202 /* Pods-DailySampler.debug.xcconfig */ = {isa = PBXFileReference; includeInIndex = 1; lastKnownFileType = text.xcconfig; name = "Pods-DailySampler.debug.xcconfig"; path = "Pods/Target Support Files/Pods-DailySampler/Pods-DailySampler.debug.xcconfig"; sourceTree = "<group>"; };
		E8E8725F8642398E686E931F /* Pods-DailySamplerUITests.debug.xcconfig */ = {isa = PBXFileReference; includeInIndex = 1; lastKnownFileType = text.xcconfig; name = "Pods-DailySamplerUITests.debug.xcconfig"; path = "Pods/Target Support Files/Pods-DailySamplerUITests/Pods-DailySamplerUITests.debug.xcconfig"; sourceTree = "<group>"; };
		F075E182AAFFEF2BB79F7557 /* Pods-DailySamplerUITests.release.xcconfig */ = {isa = PBXFileReference; includeInIndex = 1; lastKnownFileType = text.xcconfig; name = "Pods-DailySamplerUITests.release.xcconfig"; path = "Pods/Target Support Files/Pods-DailySamplerUITests/Pods-DailySamplerUITests.release.xcconfig"; sourceTree = "<group>"; };
/* End PBXFileReference section */

/* Begin PBXFrameworksBuildPhase section */
		733E695721D4362700F799B2 /* Frameworks */ = {
			isa = PBXFrameworksBuildPhase;
			buildActionMask = 2147483647;
			files = (
				3A023495E572080AE6A60F3F /* Pods_DailySampler.framework in Frameworks */,
			);
			runOnlyForDeploymentPostprocessing = 0;
		};
		733E696B21D4362800F799B2 /* Frameworks */ = {
			isa = PBXFrameworksBuildPhase;
			buildActionMask = 2147483647;
			files = (
				22676784EBF92FFDD1B31209 /* Pods_DailySamplerTests.framework in Frameworks */,
			);
			runOnlyForDeploymentPostprocessing = 0;
		};
		733E697621D4362800F799B2 /* Frameworks */ = {
			isa = PBXFrameworksBuildPhase;
			buildActionMask = 2147483647;
			files = (
				EEA9A42AC0A2CC03671D66BC /* Pods_DailySamplerUITests.framework in Frameworks */,
			);
			runOnlyForDeploymentPostprocessing = 0;
		};
/* End PBXFrameworksBuildPhase section */

/* Begin PBXGroup section */
		03B19C454E4C67D3F2A99BA0 /* Frameworks */ = {
			isa = PBXGroup;
			children = (
				C2A409EF1066930BEAF00D35 /* Pods_DailySampler.framework */,
				694CE973354C8DC81F5F7D41 /* Pods_DailySamplerTests.framework */,
				7B0420B82FB0495F56DFF72D /* Pods_DailySamplerUITests.framework */,
			);
			name = Frameworks;
			sourceTree = "<group>";
		};
		0CFFD4DCAD705D34301CD81C /* Pods */ = {
			isa = PBXGroup;
			children = (
				E13C8FF47D6686822BF0E202 /* Pods-DailySampler.debug.xcconfig */,
				9E88C7F7A8D839A491799611 /* Pods-DailySampler.release.xcconfig */,
				C58335FAE48C63DB237024CE /* Pods-DailySamplerTests.debug.xcconfig */,
				4C49F191106657A241A73FCA /* Pods-DailySamplerTests.release.xcconfig */,
				E8E8725F8642398E686E931F /* Pods-DailySamplerUITests.debug.xcconfig */,
				F075E182AAFFEF2BB79F7557 /* Pods-DailySamplerUITests.release.xcconfig */,
			);
			name = Pods;
			sourceTree = "<group>";
		};
		733E695121D4362700F799B2 = {
			isa = PBXGroup;
			children = (
				733E695C21D4362700F799B2 /* DailySampler */,
				733E697121D4362800F799B2 /* DailySamplerTests */,
				733E697C21D4362800F799B2 /* DailySamplerUITests */,
				733E695B21D4362700F799B2 /* Products */,
				0CFFD4DCAD705D34301CD81C /* Pods */,
				03B19C454E4C67D3F2A99BA0 /* Frameworks */,
			);
			sourceTree = "<group>";
		};
		733E695B21D4362700F799B2 /* Products */ = {
			isa = PBXGroup;
			children = (
				733E695A21D4362700F799B2 /* DailySampler.app */,
				733E696E21D4362800F799B2 /* DailySamplerTests.xctest */,
				733E697921D4362800F799B2 /* DailySamplerUITests.xctest */,
			);
			name = Products;
			sourceTree = "<group>";
		};
		733E695C21D4362700F799B2 /* DailySampler */ = {
			isa = PBXGroup;
			children = (
				733E695D21D4362700F799B2 /* AppDelegate.swift */,
				733E695F21D4362700F799B2 /* ViewController.swift */,
				730847B921D57F490046814E /* DiaryViewController.swift */,
				737DF23221D4975A00398260 /* Diary.swift */,
				733E696121D4362700F799B2 /* Main.storyboard */,
				733E696421D4362800F799B2 /* Assets.xcassets */,
				733E696621D4362800F799B2 /* LaunchScreen.storyboard */,
				733E696921D4362800F799B2 /* Info.plist */,
			);
			path = DailySampler;
			sourceTree = "<group>";
		};
		733E697121D4362800F799B2 /* DailySamplerTests */ = {
			isa = PBXGroup;
			children = (
				733E697221D4362800F799B2 /* DailySamplerTests.swift */,
				733E697421D4362800F799B2 /* Info.plist */,
			);
			path = DailySamplerTests;
			sourceTree = "<group>";
		};
		733E697C21D4362800F799B2 /* DailySamplerUITests */ = {
			isa = PBXGroup;
			children = (
				733E697D21D4362800F799B2 /* DailySamplerUITests.swift */,
				733E697F21D4362800F799B2 /* Info.plist */,
			);
			path = DailySamplerUITests;
			sourceTree = "<group>";
		};
/* End PBXGroup section */

/* Begin PBXNativeTarget section */
		733E695921D4362700F799B2 /* DailySampler */ = {
			isa = PBXNativeTarget;
			buildConfigurationList = 733E698221D4362800F799B2 /* Build configuration list for PBXNativeTarget "DailySampler" */;
			buildPhases = (
				0F497AB28884C6F4015A911E /* [CP] Check Pods Manifest.lock */,
				733E695621D4362700F799B2 /* Sources */,
				733E695721D4362700F799B2 /* Frameworks */,
				733E695821D4362700F799B2 /* Resources */,
				05FBBC070D249918C121F674 /* [CP] Embed Pods Frameworks */,
			);
			buildRules = (
			);
			dependencies = (
			);
			name = DailySampler;
			productName = DailySampler;
			productReference = 733E695A21D4362700F799B2 /* DailySampler.app */;
			productType = "com.apple.product-type.application";
		};
		733E696D21D4362800F799B2 /* DailySamplerTests */ = {
			isa = PBXNativeTarget;
			buildConfigurationList = 733E698521D4362800F799B2 /* Build configuration list for PBXNativeTarget "DailySamplerTests" */;
			buildPhases = (
				FE9749242DF9373097DE5B13 /* [CP] Check Pods Manifest.lock */,
				733E696A21D4362800F799B2 /* Sources */,
				733E696B21D4362800F799B2 /* Frameworks */,
				733E696C21D4362800F799B2 /* Resources */,
			);
			buildRules = (
			);
			dependencies = (
				733E697021D4362800F799B2 /* PBXTargetDependency */,
			);
			name = DailySamplerTests;
			productName = DailySamplerTests;
			productReference = 733E696E21D4362800F799B2 /* DailySamplerTests.xctest */;
			productType = "com.apple.product-type.bundle.unit-test";
		};
		733E697821D4362800F799B2 /* DailySamplerUITests */ = {
			isa = PBXNativeTarget;
			buildConfigurationList = 733E698821D4362800F799B2 /* Build configuration list for PBXNativeTarget "DailySamplerUITests" */;
			buildPhases = (
				B83C2326259CECF805F5DE3B /* [CP] Check Pods Manifest.lock */,
				733E697521D4362800F799B2 /* Sources */,
				733E697621D4362800F799B2 /* Frameworks */,
				733E697721D4362800F799B2 /* Resources */,
			);
			buildRules = (
			);
			dependencies = (
				733E697B21D4362800F799B2 /* PBXTargetDependency */,
			);
			name = DailySamplerUITests;
			productName = DailySamplerUITests;
			productReference = 733E697921D4362800F799B2 /* DailySamplerUITests.xctest */;
			productType = "com.apple.product-type.bundle.ui-testing";
		};
/* End PBXNativeTarget section */

/* Begin PBXProject section */
		733E695221D4362700F799B2 /* Project object */ = {
			isa = PBXProject;
			attributes = {
				LastSwiftUpdateCheck = 1010;
				LastUpgradeCheck = 1010;
				ORGANIZATIONNAME = "兼子友花";
				TargetAttributes = {
					733E695921D4362700F799B2 = {
						CreatedOnToolsVersion = 10.1;
					};
					733E696D21D4362800F799B2 = {
						CreatedOnToolsVersion = 10.1;
						TestTargetID = 733E695921D4362700F799B2;
					};
					733E697821D4362800F799B2 = {
						CreatedOnToolsVersion = 10.1;
						TestTargetID = 733E695921D4362700F799B2;
					};
				};
			};
			buildConfigurationList = 733E695521D4362700F799B2 /* Build configuration list for PBXProject "DailySampler" */;
			compatibilityVersion = "Xcode 9.3";
			developmentRegion = en;
			hasScannedForEncodings = 0;
			knownRegions = (
				en,
				Base,
			);
			mainGroup = 733E695121D4362700F799B2;
			productRefGroup = 733E695B21D4362700F799B2 /* Products */;
			projectDirPath = "";
			projectRoot = "";
			targets = (
				733E695921D4362700F799B2 /* DailySampler */,
				733E696D21D4362800F799B2 /* DailySamplerTests */,
				733E697821D4362800F799B2 /* DailySamplerUITests */,
			);
		};
/* End PBXProject section */

/* Begin PBXResourcesBuildPhase section */
		733E695821D4362700F799B2 /* Resources */ = {
			isa = PBXResourcesBuildPhase;
			buildActionMask = 2147483647;
			files = (
				733E696821D4362800F799B2 /* LaunchScreen.storyboard in Resources */,
				733E696521D4362800F799B2 /* Assets.xcassets in Resources */,
				733E696321D4362700F799B2 /* Main.storyboard in Resources */,
			);
			runOnlyForDeploymentPostprocessing = 0;
		};
		733E696C21D4362800F799B2 /* Resources */ = {
			isa = PBXResourcesBuildPhase;
			buildActionMask = 2147483647;
			files = (
			);
			runOnlyForDeploymentPostprocessing = 0;
		};
		733E697721D4362800F799B2 /* Resources */ = {
			isa = PBXResourcesBuildPhase;
			buildActionMask = 2147483647;
			files = (
			);
			runOnlyForDeploymentPostprocessing = 0;
		};
/* End PBXResourcesBuildPhase section */

/* Begin PBXShellScriptBuildPhase section */
		05FBBC070D249918C121F674 /* [CP] Embed Pods Frameworks */ = {
			isa = PBXShellScriptBuildPhase;
			buildActionMask = 2147483647;
			files = (
			);
			inputFileListPaths = (
			);
			inputPaths = (
				"${SRCROOT}/Pods/Target Support Files/Pods-DailySampler/Pods-DailySampler-frameworks.sh",
				"${BUILT_PRODUCTS_DIR}/JBDatePicker/JBDatePicker.framework",
				"${BUILT_PRODUCTS_DIR}/Realm/Realm.framework",
				"${BUILT_PRODUCTS_DIR}/RealmSwift/RealmSwift.framework",
			);
			name = "[CP] Embed Pods Frameworks";
			outputFileListPaths = (
			);
			outputPaths = (
				"${TARGET_BUILD_DIR}/${FRAMEWORKS_FOLDER_PATH}/JBDatePicker.framework",
				"${TARGET_BUILD_DIR}/${FRAMEWORKS_FOLDER_PATH}/Realm.framework",
				"${TARGET_BUILD_DIR}/${FRAMEWORKS_FOLDER_PATH}/RealmSwift.framework",
			);
			runOnlyForDeploymentPostprocessing = 0;
			shellPath = /bin/sh;
			shellScript = "\"${SRCROOT}/Pods/Target Support Files/Pods-DailySampler/Pods-DailySampler-frameworks.sh\"\n";
			showEnvVarsInLog = 0;
		};
		0F497AB28884C6F4015A911E /* [CP] Check Pods Manifest.lock */ = {
			isa = PBXShellScriptBuildPhase;
			buildActionMask = 2147483647;
			files = (
			);
			inputFileListPaths = (
			);
			inputPaths = (
				"${PODS_PODFILE_DIR_PATH}/Podfile.lock",
				"${PODS_ROOT}/Manifest.lock",
			);
			name = "[CP] Check Pods Manifest.lock";
			outputFileListPaths = (
			);
			outputPaths = (
				"$(DERIVED_FILE_DIR)/Pods-DailySampler-checkManifestLockResult.txt",
			);
			runOnlyForDeploymentPostprocessing = 0;
			shellPath = /bin/sh;
			shellScript = "diff \"${PODS_PODFILE_DIR_PATH}/Podfile.lock\" \"${PODS_ROOT}/Manifest.lock\" > /dev/null\nif [ $? != 0 ] ; then\n    # print error to STDERR\n    echo \"error: The sandbox is not in sync with the Podfile.lock. Run 'pod install' or update your CocoaPods installation.\" >&2\n    exit 1\nfi\n# This output is used by Xcode 'outputs' to avoid re-running this script phase.\necho \"SUCCESS\" > \"${SCRIPT_OUTPUT_FILE_0}\"\n";
			showEnvVarsInLog = 0;
		};
		B83C2326259CECF805F5DE3B /* [CP] Check Pods Manifest.lock */ = {
			isa = PBXShellScriptBuildPhase;
			buildActionMask = 2147483647;
			files = (
			);
			inputFileListPaths = (
			);
			inputPaths = (
				"${PODS_PODFILE_DIR_PATH}/Podfile.lock",
				"${PODS_ROOT}/Manifest.lock",
			);
			name = "[CP] Check Pods Manifest.lock";
			outputFileListPaths = (
			);
			outputPaths = (
				"$(DERIVED_FILE_DIR)/Pods-DailySamplerUITests-checkManifestLockResult.txt",
			);
			runOnlyForDeploymentPostprocessing = 0;
			shellPath = /bin/sh;
			shellScript = "diff \"${PODS_PODFILE_DIR_PATH}/Podfile.lock\" \"${PODS_ROOT}/Manifest.lock\" > /dev/null\nif [ $? != 0 ] ; then\n    # print error to STDERR\n    echo \"error: The sandbox is not in sync with the Podfile.lock. Run 'pod install' or update your CocoaPods installation.\" >&2\n    exit 1\nfi\n# This output is used by Xcode 'outputs' to avoid re-running this script phase.\necho \"SUCCESS\" > \"${SCRIPT_OUTPUT_FILE_0}\"\n";
			showEnvVarsInLog = 0;
		};
		FE9749242DF9373097DE5B13 /* [CP] Check Pods Manifest.lock */ = {
			isa = PBXShellScriptBuildPhase;
			buildActionMask = 2147483647;
			files = (
			);
			inputFileListPaths = (
			);
			inputPaths = (
				"${PODS_PODFILE_DIR_PATH}/Podfile.lock",
				"${PODS_ROOT}/Manifest.lock",
			);
			name = "[CP] Check Pods Manifest.lock";
			outputFileListPaths = (
			);
			outputPaths = (
				"$(DERIVED_FILE_DIR)/Pods-DailySamplerTests-checkManifestLockResult.txt",
			);
			runOnlyForDeploymentPostprocessing = 0;
			shellPath = /bin/sh;
			shellScript = "diff \"${PODS_PODFILE_DIR_PATH}/Podfile.lock\" \"${PODS_ROOT}/Manifest.lock\" > /dev/null\nif [ $? != 0 ] ; then\n    # print error to STDERR\n    echo \"error: The sandbox is not in sync with the Podfile.lock. Run 'pod install' or update your CocoaPods installation.\" >&2\n    exit 1\nfi\n# This output is used by Xcode 'outputs' to avoid re-running this script phase.\necho \"SUCCESS\" > \"${SCRIPT_OUTPUT_FILE_0}\"\n";
			showEnvVarsInLog = 0;
		};
/* End PBXShellScriptBuildPhase section */

/* Begin PBXSourcesBuildPhase section */
		733E695621D4362700F799B2 /* Sources */ = {
			isa = PBXSourcesBuildPhase;
			buildActionMask = 2147483647;
			files = (
				730847BA21D57F490046814E /* DiaryViewController.swift in Sources */,
				733E696021D4362700F799B2 /* ViewController.swift in Sources */,
				737DF23321D4975A00398260 /* Diary.swift in Sources */,
				733E695E21D4362700F799B2 /* AppDelegate.swift in Sources */,
			);
			runOnlyForDeploymentPostprocessing = 0;
		};
		733E696A21D4362800F799B2 /* Sources */ = {
			isa = PBXSourcesBuildPhase;
			buildActionMask = 2147483647;
			files = (
				733E697321D4362800F799B2 /* DailySamplerTests.swift in Sources */,
			);
			runOnlyForDeploymentPostprocessing = 0;
		};
		733E697521D4362800F799B2 /* Sources */ = {
			isa = PBXSourcesBuildPhase;
			buildActionMask = 2147483647;
			files = (
				733E697E21D4362800F799B2 /* DailySamplerUITests.swift in Sources */,
			);
			runOnlyForDeploymentPostprocessing = 0;
		};
/* End PBXSourcesBuildPhase section */

/* Begin PBXTargetDependency section */
		733E697021D4362800F799B2 /* PBXTargetDependency */ = {
			isa = PBXTargetDependency;
			target = 733E695921D4362700F799B2 /* DailySampler */;
			targetProxy = 733E696F21D4362800F799B2 /* PBXContainerItemProxy */;
		};
		733E697B21D4362800F799B2 /* PBXTargetDependency */ = {
			isa = PBXTargetDependency;
			target = 733E695921D4362700F799B2 /* DailySampler */;
			targetProxy = 733E697A21D4362800F799B2 /* PBXContainerItemProxy */;
		};
/* End PBXTargetDependency section */

/* Begin PBXVariantGroup section */
		733E696121D4362700F799B2 /* Main.storyboard */ = {
			isa = PBXVariantGroup;
			children = (
				733E696221D4362700F799B2 /* Base */,
			);
			name = Main.storyboard;
			sourceTree = "<group>";
		};
		733E696621D4362800F799B2 /* LaunchScreen.storyboard */ = {
			isa = PBXVariantGroup;
			children = (
				733E696721D4362800F799B2 /* Base */,
			);
			name = LaunchScreen.storyboard;
			sourceTree = "<group>";
		};
/* End PBXVariantGroup section */

/* Begin XCBuildConfiguration section */
		733E698021D4362800F799B2 /* Debug */ = {
			isa = XCBuildConfiguration;
			buildSettings = {
				ALWAYS_SEARCH_USER_PATHS = NO;
				CLANG_ANALYZER_NONNULL = YES;
				CLANG_ANALYZER_NUMBER_OBJECT_CONVERSION = YES_AGGRESSIVE;
				CLANG_CXX_LANGUAGE_STANDARD = "gnu++14";
				CLANG_CXX_LIBRARY = "libc++";
				CLANG_ENABLE_MODULES = YES;
				CLANG_ENABLE_OBJC_ARC = YES;
				CLANG_ENABLE_OBJC_WEAK = YES;
				CLANG_WARN_BLOCK_CAPTURE_AUTORELEASING = YES;
				CLANG_WARN_BOOL_CONVERSION = YES;
				CLANG_WARN_COMMA = YES;
				CLANG_WARN_CONSTANT_CONVERSION = YES;
				CLANG_WARN_DEPRECATED_OBJC_IMPLEMENTATIONS = YES;
				CLANG_WARN_DIRECT_OBJC_ISA_USAGE = YES_ERROR;
				CLANG_WARN_DOCUMENTATION_COMMENTS = YES;
				CLANG_WARN_EMPTY_BODY = YES;
				CLANG_WARN_ENUM_CONVERSION = YES;
				CLANG_WARN_INFINITE_RECURSION = YES;
				CLANG_WARN_INT_CONVERSION = YES;
				CLANG_WARN_NON_LITERAL_NULL_CONVERSION = YES;
				CLANG_WARN_OBJC_IMPLICIT_RETAIN_SELF = YES;
				CLANG_WARN_OBJC_LITERAL_CONVERSION = YES;
				CLANG_WARN_OBJC_ROOT_CLASS = YES_ERROR;
				CLANG_WARN_RANGE_LOOP_ANALYSIS = YES;
				CLANG_WARN_STRICT_PROTOTYPES = YES;
				CLANG_WARN_SUSPICIOUS_MOVE = YES;
				CLANG_WARN_UNGUARDED_AVAILABILITY = YES_AGGRESSIVE;
				CLANG_WARN_UNREACHABLE_CODE = YES;
				CLANG_WARN__DUPLICATE_METHOD_MATCH = YES;
				CODE_SIGN_IDENTITY = "iPhone Developer";
				COPY_PHASE_STRIP = NO;
				DEBUG_INFORMATION_FORMAT = dwarf;
				ENABLE_STRICT_OBJC_MSGSEND = YES;
				ENABLE_TESTABILITY = YES;
				GCC_C_LANGUAGE_STANDARD = gnu11;
				GCC_DYNAMIC_NO_PIC = NO;
				GCC_NO_COMMON_BLOCKS = YES;
				GCC_OPTIMIZATION_LEVEL = 0;
				GCC_PREPROCESSOR_DEFINITIONS = (
					"DEBUG=1",
					"$(inherited)",
				);
				GCC_WARN_64_TO_32_BIT_CONVERSION = YES;
				GCC_WARN_ABOUT_RETURN_TYPE = YES_ERROR;
				GCC_WARN_UNDECLARED_SELECTOR = YES;
				GCC_WARN_UNINITIALIZED_AUTOS = YES_AGGRESSIVE;
				GCC_WARN_UNUSED_FUNCTION = YES;
				GCC_WARN_UNUSED_VARIABLE = YES;
				IPHONEOS_DEPLOYMENT_TARGET = 12.1;
				MTL_ENABLE_DEBUG_INFO = INCLUDE_SOURCE;
				MTL_FAST_MATH = YES;
				ONLY_ACTIVE_ARCH = YES;
				SDKROOT = iphoneos;
				SWIFT_ACTIVE_COMPILATION_CONDITIONS = DEBUG;
				SWIFT_OPTIMIZATION_LEVEL = "-Onone";
			};
			name = Debug;
		};
		733E698121D4362800F799B2 /* Release */ = {
			isa = XCBuildConfiguration;
			buildSettings = {
				ALWAYS_SEARCH_USER_PATHS = NO;
				CLANG_ANALYZER_NONNULL = YES;
				CLANG_ANALYZER_NUMBER_OBJECT_CONVERSION = YES_AGGRESSIVE;
				CLANG_CXX_LANGUAGE_STANDARD = "gnu++14";
				CLANG_CXX_LIBRARY = "libc++";
				CLANG_ENABLE_MODULES = YES;
				CLANG_ENABLE_OBJC_ARC = YES;
				CLANG_ENABLE_OBJC_WEAK = YES;
				CLANG_WARN_BLOCK_CAPTURE_AUTORELEASING = YES;
				CLANG_WARN_BOOL_CONVERSION = YES;
				CLANG_WARN_COMMA = YES;
				CLANG_WARN_CONSTANT_CONVERSION = YES;
				CLANG_WARN_DEPRECATED_OBJC_IMPLEMENTATIONS = YES;
				CLANG_WARN_DIRECT_OBJC_ISA_USAGE = YES_ERROR;
				CLANG_WARN_DOCUMENTATION_COMMENTS = YES;
				CLANG_WARN_EMPTY_BODY = YES;
				CLANG_WARN_ENUM_CONVERSION = YES;
				CLANG_WARN_INFINITE_RECURSION = YES;
				CLANG_WARN_INT_CONVERSION = YES;
				CLANG_WARN_NON_LITERAL_NULL_CONVERSION = YES;
				CLANG_WARN_OBJC_IMPLICIT_RETAIN_SELF = YES;
				CLANG_WARN_OBJC_LITERAL_CONVERSION = YES;
				CLANG_WARN_OBJC_ROOT_CLASS = YES_ERROR;
				CLANG_WARN_RANGE_LOOP_ANALYSIS = YES;
				CLANG_WARN_STRICT_PROTOTYPES = YES;
				CLANG_WARN_SUSPICIOUS_MOVE = YES;
				CLANG_WARN_UNGUARDED_AVAILABILITY = YES_AGGRESSIVE;
				CLANG_WARN_UNREACHABLE_CODE = YES;
				CLANG_WARN__DUPLICATE_METHOD_MATCH = YES;
				CODE_SIGN_IDENTITY = "iPhone Developer";
				COPY_PHASE_STRIP = NO;
				DEBUG_INFORMATION_FORMAT = "dwarf-with-dsym";
				ENABLE_NS_ASSERTIONS = NO;
				ENABLE_STRICT_OBJC_MSGSEND = YES;
				GCC_C_LANGUAGE_STANDARD = gnu11;
				GCC_NO_COMMON_BLOCKS = YES;
				GCC_WARN_64_TO_32_BIT_CONVERSION = YES;
				GCC_WARN_ABOUT_RETURN_TYPE = YES_ERROR;
				GCC_WARN_UNDECLARED_SELECTOR = YES;
				GCC_WARN_UNINITIALIZED_AUTOS = YES_AGGRESSIVE;
				GCC_WARN_UNUSED_FUNCTION = YES;
				GCC_WARN_UNUSED_VARIABLE = YES;
				IPHONEOS_DEPLOYMENT_TARGET = 12.1;
				MTL_ENABLE_DEBUG_INFO = NO;
				MTL_FAST_MATH = YES;
				SDKROOT = iphoneos;
				SWIFT_COMPILATION_MODE = wholemodule;
				SWIFT_OPTIMIZATION_LEVEL = "-O";
				VALIDATE_PRODUCT = YES;
			};
			name = Release;
		};
		733E698321D4362800F799B2 /* Debug */ = {
			isa = XCBuildConfiguration;
			baseConfigurationReference = E13C8FF47D6686822BF0E202 /* Pods-DailySampler.debug.xcconfig */;
			buildSettings = {
				ASSETCATALOG_COMPILER_APPICON_NAME = AppIcon;
				CODE_SIGN_STYLE = Automatic;
				DEVELOPMENT_TEAM = DAYR4G67YX;
				INFOPLIST_FILE = DailySampler/Info.plist;
				LD_RUNPATH_SEARCH_PATHS = (
					"$(inherited)",
					"@executable_path/Frameworks",
				);
				PRODUCT_BUNDLE_IDENTIFIER = Yuuka.DailDiary;
				PRODUCT_NAME = "$(TARGET_NAME)";
				SWIFT_VERSION = 4.2;
				TARGETED_DEVICE_FAMILY = "1,2";
			};
			name = Debug;
		};
		733E698421D4362800F799B2 /* Release */ = {
			isa = XCBuildConfiguration;
			baseConfigurationReference = 9E88C7F7A8D839A491799611 /* Pods-DailySampler.release.xcconfig */;
			buildSettings = {
				ASSETCATALOG_COMPILER_APPICON_NAME = AppIcon;
				CODE_SIGN_STYLE = Automatic;
				DEVELOPMENT_TEAM = DAYR4G67YX;
				INFOPLIST_FILE = DailySampler/Info.plist;
				LD_RUNPATH_SEARCH_PATHS = (
					"$(inherited)",
					"@executable_path/Frameworks",
				);
				PRODUCT_BUNDLE_IDENTIFIER = Yuuka.DailDiary;
				PRODUCT_NAME = "$(TARGET_NAME)";
				SWIFT_VERSION = 4.2;
				TARGETED_DEVICE_FAMILY = "1,2";
			};
			name = Release;
		};
		733E698621D4362800F799B2 /* Debug */ = {
			isa = XCBuildConfiguration;
			baseConfigurationReference = C58335FAE48C63DB237024CE /* Pods-DailySamplerTests.debug.xcconfig */;
			buildSettings = {
				ALWAYS_EMBED_SWIFT_STANDARD_LIBRARIES = YES;
				BUNDLE_LOADER = "$(TEST_HOST)";
				CODE_SIGN_STYLE = Automatic;
				DEVELOPMENT_TEAM = DAYR4G67YX;
				INFOPLIST_FILE = DailySamplerTests/Info.plist;
				LD_RUNPATH_SEARCH_PATHS = (
					"$(inherited)",
					"@executable_path/Frameworks",
					"@loader_path/Frameworks",
				);
				PRODUCT_BUNDLE_IDENTIFIER = Yuuka.DailySamplerTests;
				PRODUCT_NAME = "$(TARGET_NAME)";
				SWIFT_VERSION = 4.2;
				TARGETED_DEVICE_FAMILY = "1,2";
				TEST_HOST = "$(BUILT_PRODUCTS_DIR)/DailySampler.app/DailySampler";
			};
			name = Debug;
		};
		733E698721D4362800F799B2 /* Release */ = {
			isa = XCBuildConfiguration;
			baseConfigurationReference = 4C49F191106657A241A73FCA /* Pods-DailySamplerTests.release.xcconfig */;
			buildSettings = {
				ALWAYS_EMBED_SWIFT_STANDARD_LIBRARIES = YES;
				BUNDLE_LOADER = "$(TEST_HOST)";
				CODE_SIGN_STYLE = Automatic;
				DEVELOPMENT_TEAM = DAYR4G67YX;
				INFOPLIST_FILE = DailySamplerTests/Info.plist;
				LD_RUNPATH_SEARCH_PATHS = (
					"$(inherited)",
					"@executable_path/Frameworks",
					"@loader_path/Frameworks",
				);
				PRODUCT_BUNDLE_IDENTIFIER = Yuuka.DailySamplerTests;
				PRODUCT_NAME = "$(TARGET_NAME)";
				SWIFT_VERSION = 4.2;
				TARGETED_DEVICE_FAMILY = "1,2";
				TEST_HOST = "$(BUILT_PRODUCTS_DIR)/DailySampler.app/DailySampler";
			};
			name = Release;
		};
		733E698921D4362800F799B2 /* Debug */ = {
			isa = XCBuildConfiguration;
			baseConfigurationReference = E8E8725F8642398E686E931F /* Pods-DailySamplerUITests.debug.xcconfig */;
			buildSettings = {
				ALWAYS_EMBED_SWIFT_STANDARD_LIBRARIES = YES;
				CODE_SIGN_STYLE = Automatic;
				DEVELOPMENT_TEAM = DAYR4G67YX;
				INFOPLIST_FILE = DailySamplerUITests/Info.plist;
				LD_RUNPATH_SEARCH_PATHS = (
					"$(inherited)",
					"@executable_path/Frameworks",
					"@loader_path/Frameworks",
				);
				PRODUCT_BUNDLE_IDENTIFIER = Yuuka.DailySamplerUITests;
				PRODUCT_NAME = "$(TARGET_NAME)";
				SWIFT_VERSION = 4.2;
				TARGETED_DEVICE_FAMILY = "1,2";
				TEST_TARGET_NAME = DailySampler;
			};
			name = Debug;
		};
		733E698A21D4362800F799B2 /* Release */ = {
			isa = XCBuildConfiguration;
			baseConfigurationReference = F075E182AAFFEF2BB79F7557 /* Pods-DailySamplerUITests.release.xcconfig */;
			buildSettings = {
				ALWAYS_EMBED_SWIFT_STANDARD_LIBRARIES = YES;
				CODE_SIGN_STYLE = Automatic;
				DEVELOPMENT_TEAM = DAYR4G67YX;
				INFOPLIST_FILE = DailySamplerUITests/Info.plist;
				LD_RUNPATH_SEARCH_PATHS = (
					"$(inherited)",
					"@executable_path/Frameworks",
					"@loader_path/Frameworks",
				);
				PRODUCT_BUNDLE_IDENTIFIER = Yuuka.DailySamplerUITests;
				PRODUCT_NAME = "$(TARGET_NAME)";
				SWIFT_VERSION = 4.2;
				TARGETED_DEVICE_FAMILY = "1,2";
				TEST_TARGET_NAME = DailySampler;
			};
			name = Release;
		};
/* End XCBuildConfiguration section */

/* Begin XCConfigurationList section */
		733E695521D4362700F799B2 /* Build configuration list for PBXProject "DailySampler" */ = {
			isa = XCConfigurationList;
			buildConfigurations = (
				733E698021D4362800F799B2 /* Debug */,
				733E698121D4362800F799B2 /* Release */,
			);
			defaultConfigurationIsVisible = 0;
			defaultConfigurationName = Release;
		};
		733E698221D4362800F799B2 /* Build configuration list for PBXNativeTarget "DailySampler" */ = {
			isa = XCConfigurationList;
			buildConfigurations = (
				733E698321D4362800F799B2 /* Debug */,
				733E698421D4362800F799B2 /* Release */,
			);
			defaultConfigurationIsVisible = 0;
			defaultConfigurationName = Release;
		};
		733E698521D4362800F799B2 /* Build configuration list for PBXNativeTarget "DailySamplerTests" */ = {
			isa = XCConfigurationList;
			buildConfigurations = (
				733E698621D4362800F799B2 /* Debug */,
				733E698721D4362800F799B2 /* Release */,
			);
			defaultConfigurationIsVisible = 0;
			defaultConfigurationName = Release;
		};
		733E698821D4362800F799B2 /* Build configuration list for PBXNativeTarget "DailySamplerUITests" */ = {
			isa = XCConfigurationList;
			buildConfigurations = (
				733E698921D4362800F799B2 /* Debug */,
				733E698A21D4362800F799B2 /* Release */,
			);
			defaultConfigurationIsVisible = 0;
			defaultConfigurationName = Release;
		};
/* End XCConfigurationList section */
	};
	rootObject = 733E695221D4362700F799B2 /* Project object */;
}
